// !$*UTF8*$!
{
	archiveVersion = 1;
	classes = {
	};
	objectVersion = 56;
	objects = {

/* Begin PBXBuildFile section */
		E09DD31C28E343E000725AF9 /* AwardCollectionAppApp.swift in Sources */ = {isa = PBXBuildFile; fileRef = E09DD31B28E343E000725AF9 /* AwardCollectionAppApp.swift */; };
		E09DD32028E343E100725AF9 /* Assets.xcassets in Resources */ = {isa = PBXBuildFile; fileRef = E09DD31F28E343E100725AF9 /* Assets.xcassets */; };
		E09DD32328E343E100725AF9 /* Preview Assets.xcassets in Resources */ = {isa = PBXBuildFile; fileRef = E09DD32228E343E100725AF9 /* Preview Assets.xcassets */; };
		E09DD33228E3441200725AF9 /* LeafView.swift in Sources */ = {isa = PBXBuildFile; fileRef = E09DD32928E3441200725AF9 /* LeafView.swift */; };
		E09DD33328E3441200725AF9 /* GradientRectangles.swift in Sources */ = {isa = PBXBuildFile; fileRef = E09DD32A28E3441200725AF9 /* GradientRectangles.swift */; };
		E09DD33428E3441200725AF9 /* PathView.swift in Sources */ = {isa = PBXBuildFile; fileRef = E09DD32B28E3441200725AF9 /* PathView.swift */; };
		E09DD33528E3441200725AF9 /* MainView.swift in Sources */ = {isa = PBXBuildFile; fileRef = E09DD32C28E3441200725AF9 /* MainView.swift */; };
		E09DD33628E3441200725AF9 /* LeafsLogoView.swift in Sources */ = {isa = PBXBuildFile; fileRef = E09DD32D28E3441200725AF9 /* LeafsLogoView.swift */; };
		E09DD33728E3441200725AF9 /* CurvesView.swift in Sources */ = {isa = PBXBuildFile; fileRef = E09DD32E28E3441200725AF9 /* CurvesView.swift */; };
		E09DD33828E3441200725AF9 /* StarterView.swift in Sources */ = {isa = PBXBuildFile; fileRef = E09DD32F28E3441200725AF9 /* StarterView.swift */; };
		E09DD33928E3441200725AF9 /* CartRacingView.swift in Sources */ = {isa = PBXBuildFile; fileRef = E09DD33028E3441200725AF9 /* CartRacingView.swift */; };
		E09DD33A28E3441200725AF9 /* AwardsView.swift in Sources */ = {isa = PBXBuildFile; fileRef = E09DD33128E3441200725AF9 /* AwardsView.swift */; };
/* End PBXBuildFile section */

/* Begin PBXFileReference section */
		E09DD31828E343E000725AF9 /* AwardCollectionApp.app */ = {isa = PBXFileReference; explicitFileType = wrapper.application; includeInIndex = 0; path = AwardCollectionApp.app; sourceTree = BUILT_PRODUCTS_DIR; };
		E09DD31B28E343E000725AF9 /* AwardCollectionAppApp.swift */ = {isa = PBXFileReference; lastKnownFileType = sourcecode.swift; path = AwardCollectionAppApp.swift; sourceTree = "<group>"; };
		E09DD31F28E343E100725AF9 /* Assets.xcassets */ = {isa = PBXFileReference; lastKnownFileType = folder.assetcatalog; path = Assets.xcassets; sourceTree = "<group>"; };
		E09DD32228E343E100725AF9 /* Preview Assets.xcassets */ = {isa = PBXFileReference; lastKnownFileType = folder.assetcatalog; path = "Preview Assets.xcassets"; sourceTree = "<group>"; };
		E09DD32928E3441200725AF9 /* LeafView.swift */ = {isa = PBXFileReference; fileEncoding = 4; lastKnownFileType = sourcecode.swift; path = LeafView.swift; sourceTree = "<group>"; };
		E09DD32A28E3441200725AF9 /* GradientRectangles.swift */ = {isa = PBXFileReference; fileEncoding = 4; lastKnownFileType = sourcecode.swift; path = GradientRectangles.swift; sourceTree = "<group>"; };
		E09DD32B28E3441200725AF9 /* PathView.swift */ = {isa = PBXFileReference; fileEncoding = 4; lastKnownFileType = sourcecode.swift; path = PathView.swift; sourceTree = "<group>"; };
		E09DD32C28E3441200725AF9 /* MainView.swift */ = {isa = PBXFileReference; fileEncoding = 4; lastKnownFileType = sourcecode.swift; path = MainView.swift; sourceTree = "<group>"; };
		E09DD32D28E3441200725AF9 /* LeafsLogoView.swift */ = {isa = PBXFileReference; fileEncoding = 4; lastKnownFileType = sourcecode.swift; path = LeafsLogoView.swift; sourceTree = "<group>"; };
		E09DD32E28E3441200725AF9 /* CurvesView.swift */ = {isa = PBXFileReference; fileEncoding = 4; lastKnownFileType = sourcecode.swift; path = CurvesView.swift; sourceTree = "<group>"; };
		E09DD32F28E3441200725AF9 /* StarterView.swift */ = {isa = PBXFileReference; fileEncoding = 4; lastKnownFileType = sourcecode.swift; path = StarterView.swift; sourceTree = "<group>"; };
		E09DD33028E3441200725AF9 /* CartRacingView.swift */ = {isa = PBXFileReference; fileEncoding = 4; lastKnownFileType = sourcecode.swift; path = CartRacingView.swift; sourceTree = "<group>"; };
		E09DD33128E3441200725AF9 /* AwardsView.swift */ = {isa = PBXFileReference; fileEncoding = 4; lastKnownFileType = sourcecode.swift; path = AwardsView.swift; sourceTree = "<group>"; };
/* End PBXFileReference section */

/* Begin PBXFrameworksBuildPhase section */
		E09DD31528E343E000725AF9 /* Frameworks */ = {
			isa = PBXFrameworksBuildPhase;
			buildActionMask = 2147483647;
			files = (
			);
			runOnlyForDeploymentPostprocessing = 0;
		};
/* End PBXFrameworksBuildPhase section */

/* Begin PBXGroup section */
		E09DD30F28E343E000725AF9 = {
			isa = PBXGroup;
			children = (
				E09DD31A28E343E000725AF9 /* AwardCollectionApp */,
				E09DD31928E343E000725AF9 /* Products */,
			);
			sourceTree = "<group>";
		};
		E09DD31928E343E000725AF9 /* Products */ = {
			isa = PBXGroup;
			children = (
				E09DD31828E343E000725AF9 /* AwardCollectionApp.app */,
			);
			name = Products;
			sourceTree = "<group>";
		};
		E09DD31A28E343E000725AF9 /* AwardCollectionApp */ = {
			isa = PBXGroup;
			children = (
				E09DD31B28E343E000725AF9 /* AwardCollectionAppApp.swift */,
				E09DD33128E3441200725AF9 /* AwardsView.swift */,
				E09DD32C28E3441200725AF9 /* MainView.swift */,
				E09DD32F28E3441200725AF9 /* StarterView.swift */,
				E09DD33028E3441200725AF9 /* CartRacingView.swift */,
				E09DD32A28E3441200725AF9 /* GradientRectangles.swift */,
				E09DD32D28E3441200725AF9 /* LeafsLogoView.swift */,
				E09DD32928E3441200725AF9 /* LeafView.swift */,
				E09DD32B28E3441200725AF9 /* PathView.swift */,
				E09DD32E28E3441200725AF9 /* CurvesView.swift */,
				E09DD31F28E343E100725AF9 /* Assets.xcassets */,
				E09DD32128E343E100725AF9 /* Preview Content */,
			);
			path = AwardCollectionApp;
			sourceTree = "<group>";
		};
		E09DD32128E343E100725AF9 /* Preview Content */ = {
			isa = PBXGroup;
			children = (
				E09DD32228E343E100725AF9 /* Preview Assets.xcassets */,
			);
			path = "Preview Content";
			sourceTree = "<group>";
		};
/* End PBXGroup section */

/* Begin PBXNativeTarget section */
		E09DD31728E343E000725AF9 /* AwardCollectionApp */ = {
			isa = PBXNativeTarget;
			buildConfigurationList = E09DD32628E343E100725AF9 /* Build configuration list for PBXNativeTarget "AwardCollectionApp" */;
			buildPhases = (
				E09DD31428E343E000725AF9 /* Sources */,
				E09DD31528E343E000725AF9 /* Frameworks */,
				E09DD31628E343E000725AF9 /* Resources */,
			);
			buildRules = (
			);
			dependencies = (
			);
			name = AwardCollectionApp;
			productName = AwardCollectionApp;
			productReference = E09DD31828E343E000725AF9 /* AwardCollectionApp.app */;
			productType = "com.apple.product-type.application";
		};
/* End PBXNativeTarget section */

/* Begin PBXProject section */
		E09DD31028E343E000725AF9 /* Project object */ = {
			isa = PBXProject;
			attributes = {
				BuildIndependentTargetsInParallel = 1;
				LastSwiftUpdateCheck = 1400;
				LastUpgradeCheck = 1400;
				TargetAttributes = {
					E09DD31728E343E000725AF9 = {
						CreatedOnToolsVersion = 14.0;
					};
				};
			};
			buildConfigurationList = E09DD31328E343E000725AF9 /* Build configuration list for PBXProject "AwardCollectionApp" */;
			compatibilityVersion = "Xcode 14.0";
			developmentRegion = en;
			hasScannedForEncodings = 0;
			knownRegions = (
				en,
				Base,
			);
			mainGroup = E09DD30F28E343E000725AF9;
			productRefGroup = E09DD31928E343E000725AF9 /* Products */;
			projectDirPath = "";
			projectRoot = "";
			targets = (
				E09DD31728E343E000725AF9 /* AwardCollectionApp */,
			);
		};
/* End PBXProject section */

/* Begin PBXResourcesBuildPhase section */
		E09DD31628E343E000725AF9 /* Resources */ = {
			isa = PBXResourcesBuildPhase;
			buildActionMask = 2147483647;
			files = (
				E09DD32328E343E100725AF9 /* Preview Assets.xcassets in Resources */,
				E09DD32028E343E100725AF9 /* Assets.xcassets in Resources */,
			);
			runOnlyForDeploymentPostprocessing = 0;
		};
/* End PBXResourcesBuildPhase section */

/* Begin PBXSourcesBuildPhase section */
		E09DD31428E343E000725AF9 /* Sources */ = {
			isa = PBXSourcesBuildPhase;
			buildActionMask = 2147483647;
			files = (
				E09DD33428E3441200725AF9 /* PathView.swift in Sources */,
				E09DD33628E3441200725AF9 /* LeafsLogoView.swift in Sources */,
				E09DD33A28E3441200725AF9 /* AwardsView.swift in Sources */,
				E09DD33528E3441200725AF9 /* MainView.swift in Sources */,
				E09DD33228E3441200725AF9 /* LeafView.swift in Sources */,
				E09DD33328E3441200725AF9 /* GradientRectangles.swift in Sources */,
				E09DD33828E3441200725AF9 /* StarterView.swift in Sources */,
				E09DD33728E3441200725AF9 /* CurvesView.swift in Sources */,
				E09DD33928E3441200725AF9 /* CartRacingView.swift in Sources */,
				E09DD31C28E343E000725AF9 /* AwardCollectionAppApp.swift in Sources */,
			);
			runOnlyForDeploymentPostprocessing = 0;
		};
/* End PBXSourcesBuildPhase section */

/* Begin XCBuildConfiguration section */
		E09DD32428E343E100725AF9 /* Debug */ = {
			isa = XCBuildConfiguration;
			buildSettings = {
				ALWAYS_SEARCH_USER_PATHS = NO;
				CLANG_ANALYZER_NONNULL = YES;
				CLANG_ANALYZER_NUMBER_OBJECT_CONVERSION = YES_AGGRESSIVE;
				CLANG_CXX_LANGUAGE_STANDARD = "gnu++20";
				CLANG_ENABLE_MODULES = YES;
				CLANG_ENABLE_OBJC_ARC = YES;
				CLANG_ENABLE_OBJC_WEAK = YES;
				CLANG_WARN_BLOCK_CAPTURE_AUTORELEASING = YES;
				CLANG_WARN_BOOL_CONVERSION = YES;
				CLANG_WARN_COMMA = YES;
				CLANG_WARN_CONSTANT_CONVERSION = YES;
				CLANG_WARN_DEPRECATED_OBJC_IMPLEMENTATIONS = YES;
				CLANG_WARN_DIRECT_OBJC_ISA_USAGE = YES_ERROR;
				CLANG_WARN_DOCUMENTATION_COMMENTS = YES;
				CLANG_WARN_EMPTY_BODY = YES;
				CLANG_WARN_ENUM_CONVERSION = YES;
				CLANG_WARN_INFINITE_RECURSION = YES;
				CLANG_WARN_INT_CONVERSION = YES;
				CLANG_WARN_NON_LITERAL_NULL_CONVERSION = YES;
				CLANG_WARN_OBJC_IMPLICIT_RETAIN_SELF = YES;
				CLANG_WARN_OBJC_LITERAL_CONVERSION = YES;
				CLANG_WARN_OBJC_ROOT_CLASS = YES_ERROR;
				CLANG_WARN_QUOTED_INCLUDE_IN_FRAMEWORK_HEADER = YES;
				CLANG_WARN_RANGE_LOOP_ANALYSIS = YES;
				CLANG_WARN_STRICT_PROTOTYPES = YES;
				CLANG_WARN_SUSPICIOUS_MOVE = YES;
				CLANG_WARN_UNGUARDED_AVAILABILITY = YES_AGGRESSIVE;
				CLANG_WARN_UNREACHABLE_CODE = YES;
				CLANG_WARN__DUPLICATE_METHOD_MATCH = YES;
				COPY_PHASE_STRIP = NO;
				DEBUG_INFORMATION_FORMAT = dwarf;
				ENABLE_STRICT_OBJC_MSGSEND = YES;
				ENABLE_TESTABILITY = YES;
				GCC_C_LANGUAGE_STANDARD = gnu11;
				GCC_DYNAMIC_NO_PIC = NO;
				GCC_NO_COMMON_BLOCKS = YES;
				GCC_OPTIMIZATION_LEVEL = 0;
				GCC_PREPROCESSOR_DEFINITIONS = (
					"DEBUG=1",
					"$(inherited)",
				);
				GCC_WARN_64_TO_32_BIT_CONVERSION = YES;
				GCC_WARN_ABOUT_RETURN_TYPE = YES_ERROR;
				GCC_WARN_UNDECLARED_SELECTOR = YES;
				GCC_WARN_UNINITIALIZED_AUTOS = YES_AGGRESSIVE;
				GCC_WARN_UNUSED_FUNCTION = YES;
				GCC_WARN_UNUSED_VARIABLE = YES;
				IPHONEOS_DEPLOYMENT_TARGET = 16.0;
				MTL_ENABLE_DEBUG_INFO = INCLUDE_SOURCE;
				MTL_FAST_MATH = YES;
				ONLY_ACTIVE_ARCH = YES;
				SDKROOT = iphoneos;
				SWIFT_ACTIVE_COMPILATION_CONDITIONS = DEBUG;
				SWIFT_OPTIMIZATION_LEVEL = "-Onone";
			};
			name = Debug;
		};
		E09DD32528E343E100725AF9 /* Release */ = {
			isa = XCBuildConfiguration;
			buildSettings = {
				ALWAYS_SEARCH_USER_PATHS = NO;
				CLANG_ANALYZER_NONNULL = YES;
				CLANG_ANALYZER_NUMBER_OBJECT_CONVERSION = YES_AGGRESSIVE;
				CLANG_CXX_LANGUAGE_STANDARD = "gnu++20";
				CLANG_ENABLE_MODULES = YES;
				CLANG_ENABLE_OBJC_ARC = YES;
				CLANG_ENABLE_OBJC_WEAK = YES;
				CLANG_WARN_BLOCK_CAPTURE_AUTORELEASING = YES;
				CLANG_WARN_BOOL_CONVERSION = YES;
				CLANG_WARN_COMMA = YES;
				CLANG_WARN_CONSTANT_CONVERSION = YES;
				CLANG_WARN_DEPRECATED_OBJC_IMPLEMENTATIONS = YES;
				CLANG_WARN_DIRECT_OBJC_ISA_USAGE = YES_ERROR;
				CLANG_WARN_DOCUMENTATION_COMMENTS = YES;
				CLANG_WARN_EMPTY_BODY = YES;
				CLANG_WARN_ENUM_CONVERSION = YES;
				CLANG_WARN_INFINITE_RECURSION = YES;
				CLANG_WARN_INT_CONVERSION = YES;
				CLANG_WARN_NON_LITERAL_NULL_CONVERSION = YES;
				CLANG_WARN_OBJC_IMPLICIT_RETAIN_SELF = YES;
				CLANG_WARN_OBJC_LITERAL_CONVERSION = YES;
				CLANG_WARN_OBJC_ROOT_CLASS = YES_ERROR;
				CLANG_WARN_QUOTED_INCLUDE_IN_FRAMEWORK_HEADER = YES;
				CLANG_WARN_RANGE_LOOP_ANALYSIS = YES;
				CLANG_WARN_STRICT_PROTOTYPES = YES;
				CLANG_WARN_SUSPICIOUS_MOVE = YES;
				CLANG_WARN_UNGUARDED_AVAILABILITY = YES_AGGRESSIVE;
				CLANG_WARN_UNREACHABLE_CODE = YES;
				CLANG_WARN__DUPLICATE_METHOD_MATCH = YES;
				COPY_PHASE_STRIP = NO;
				DEBUG_INFORMATION_FORMAT = "dwarf-with-dsym";
				ENABLE_NS_ASSERTIONS = NO;
				ENABLE_STRICT_OBJC_MSGSEND = YES;
				GCC_C_LANGUAGE_STANDARD = gnu11;
				GCC_NO_COMMON_BLOCKS = YES;
				GCC_WARN_64_TO_32_BIT_CONVERSION = YES;
				GCC_WARN_ABOUT_RETURN_TYPE = YES_ERROR;
				GCC_WARN_UNDECLARED_SELECTOR = YES;
				GCC_WARN_UNINITIALIZED_AUTOS = YES_AGGRESSIVE;
				GCC_WARN_UNUSED_FUNCTION = YES;
				GCC_WARN_UNUSED_VARIABLE = YES;
				IPHONEOS_DEPLOYMENT_TARGET = 16.0;
				MTL_ENABLE_DEBUG_INFO = NO;
				MTL_FAST_MATH = YES;
				SDKROOT = iphoneos;
				SWIFT_COMPILATION_MODE = wholemodule;
				SWIFT_OPTIMIZATION_LEVEL = "-O";
				VALIDATE_PRODUCT = YES;
			};
			name = Release;
		};
		E09DD32728E343E100725AF9 /* Debug */ = {
			isa = XCBuildConfiguration;
			buildSettings = {
				ASSETCATALOG_COMPILER_APPICON_NAME = AppIcon;
				ASSETCATALOG_COMPILER_GLOBAL_ACCENT_COLOR_NAME = AccentColor;
				CODE_SIGN_STYLE = Automatic;
				CURRENT_PROJECT_VERSION = 1;
				DEVELOPMENT_ASSET_PATHS = "\"AwardCollectionApp/Preview Content\"";
				DEVELOPMENT_TEAM = WSW34L4PSC;
				ENABLE_PREVIEWS = YES;
				GENERATE_INFOPLIST_FILE = YES;
				INFOPLIST_KEY_UIApplicationSceneManifest_Generation = YES;
				INFOPLIST_KEY_UIApplicationSupportsIndirectInputEvents = YES;
				INFOPLIST_KEY_UILaunchScreen_Generation = YES;
				INFOPLIST_KEY_UISupportedInterfaceOrientations_iPad = "UIInterfaceOrientationPortrait UIInterfaceOrientationPortraitUpsideDown UIInterfaceOrientationLandscapeLeft UIInterfaceOrientationLandscapeRight";
				INFOPLIST_KEY_UISupportedInterfaceOrientations_iPhone = "UIInterfaceOrientationPortrait UIInterfaceOrientationLandscapeLeft UIInterfaceOrientationLandscapeRight";
				LD_RUNPATH_SEARCH_PATHS = (
					"$(inherited)",
					"@executable_path/Frameworks",
				);
				MARKETING_VERSION = 1.0;
				PRODUCT_BUNDLE_IDENTIFIER = "Vadim-Gamzaev.AwardCollectionApp";
				PRODUCT_NAME = "$(TARGET_NAME)";
				SWIFT_EMIT_LOC_STRINGS = YES;
				SWIFT_VERSION = 5.0;
				TARGETED_DEVICE_FAMILY = "1,2";
			};
			name = Debug;
		};
		E09DD32828E343E100725AF9 /* Release */ = {
			isa = XCBuildConfiguration;
			buildSettings = {
				ASSETCATALOG_COMPILER_APPICON_NAME = AppIcon;
				ASSETCATALOG_COMPILER_GLOBAL_ACCENT_COLOR_NAME = AccentColor;
				CODE_SIGN_STYLE = Automatic;
				CURRENT_PROJECT_VERSION = 1;
				DEVELOPMENT_ASSET_PATHS = "\"AwardCollectionApp/Preview Content\"";
				DEVELOPMENT_TEAM = WSW34L4PSC;
				ENABLE_PREVIEWS = YES;
				GENERATE_INFOPLIST_FILE = YES;
				INFOPLIST_KEY_UIApplicationSceneManifest_Generation = YES;
				INFOPLIST_KEY_UIApplicationSupportsIndirectInputEvents = YES;
				INFOPLIST_KEY_UILaunchScreen_Generation = YES;
				INFOPLIST_KEY_UISupportedInterfaceOrientations_iPad = "UIInterfaceOrientationPortrait UIInterfaceOrientationPortraitUpsideDown UIInterfaceOrientationLandscapeLeft UIInterfaceOrientationLandscapeRight";
				INFOPLIST_KEY_UISupportedInterfaceOrientations_iPhone = "UIInterfaceOrientationPortrait UIInterfaceOrientationLandscapeLeft UIInterfaceOrientationLandscapeRight";
				LD_RUNPATH_SEARCH_PATHS = (
					"$(inherited)",
					"@executable_path/Frameworks",
				);
				MARKETING_VERSION = 1.0;
				PRODUCT_BUNDLE_IDENTIFIER = "Vadim-Gamzaev.AwardCollectionApp";
				PRODUCT_NAME = "$(TARGET_NAME)";
				SWIFT_EMIT_LOC_STRINGS = YES;
				SWIFT_VERSION = 5.0;
				TARGETED_DEVICE_FAMILY = "1,2";
			};
			name = Release;
		};
/* End XCBuildConfiguration section */

/* Begin XCConfigurationList section */
		E09DD31328E343E000725AF9 /* Build configuration list for PBXProject "AwardCollectionApp" */ = {
			isa = XCConfigurationList;
			buildConfigurations = (
				E09DD32428E343E100725AF9 /* Debug */,
				E09DD32528E343E100725AF9 /* Release */,
			);
			defaultConfigurationIsVisible = 0;
			defaultConfigurationName = Release;
		};
		E09DD32628E343E100725AF9 /* Build configuration list for PBXNativeTarget "AwardCollectionApp" */ = {
			isa = XCConfigurationList;
			buildConfigurations = (
				E09DD32728E343E100725AF9 /* Debug */,
				E09DD32828E343E100725AF9 /* Release */,
			);
			defaultConfigurationIsVisible = 0;
			defaultConfigurationName = Release;
		};
/* End XCConfigurationList section */
	};
	rootObject = E09DD31028E343E000725AF9 /* Project object */;
}
